
Microsoft Visual Studio Solution File, Format Version 12.00
# Visual Studio Version 16
VisualStudioVersion = 16.0.30413.136
MinimumVisualStudioVersion = 10.0.40219.1
Project("{FAE04EC0-301F-11D3-BF4B-00C04F79EFBC}") = "Hedgar.Exchanges.Backend.Domain", "Hedgar.Exchanges.Backend.Domain\Hedgar.Exchanges.Backend.Domain.csproj", "{E338799A-1616-401A-9077-1817C60E2DDB}"
EndProject
Project("{FAE04EC0-301F-11D3-BF4B-00C04F79EFBC}") = "Hedgar.Exchanges.Backend.Repository", "Hedgar.Exchanges.Backend.Repository\Hedgar.Exchanges.Backend.Repository.csproj", "{FC7131F6-E17E-47AB-8554-26A464A6D153}"
EndProject
Project("{FAE04EC0-301F-11D3-BF4B-00C04F79EFBC}") = "Hedgar.Exchanges.Backend.Utils", "Hedgar.Exchanges.Backend.Utils\Hedgar.Exchanges.Backend.Utils.csproj", "{91D7726B-9A4C-41C8-832C-6BAB74C7C85B}"
EndProject
Project("{FAE04EC0-301F-11D3-BF4B-00C04F79EFBC}") = "Hedgar.Exchanges.Backend.Services", "Hedgar.Exchanges.Backend.Services\Hedgar.Exchanges.Backend.Services.csproj", "{3D9AED5D-3319-4C88-9B8F-9FD9691CA997}"
EndProject
Project("{FAE04EC0-301F-11D3-BF4B-00C04F79EFBC}") = "Hedgar.Exchanges.Backend.API", "Hedgar.Exchanges.Backend.API\Hedgar.Exchanges.Backend.API.csproj", "{E17B157E-69F2-4D81-96AD-86110266AC5F}"
EndProject
Global
	GlobalSection(SolutionConfigurationPlatforms) = preSolution
		Debug|Any CPU = Debug|Any CPU
		Release|Any CPU = Release|Any CPU
	EndGlobalSection
	GlobalSection(ProjectConfigurationPlatforms) = postSolution
		{E338799A-1616-401A-9077-1817C60E2DDB}.Debug|Any CPU.ActiveCfg = Debug|Any CPU
		{E338799A-1616-401A-9077-1817C60E2DDB}.Debug|Any CPU.Build.0 = Debug|Any CPU
		{E338799A-1616-401A-9077-1817C60E2DDB}.Release|Any CPU.ActiveCfg = Release|Any CPU
		{E338799A-1616-401A-9077-1817C60E2DDB}.Release|Any CPU.Build.0 = Release|Any CPU
		{FC7131F6-E17E-47AB-8554-26A464A6D153}.Debug|Any CPU.ActiveCfg = Debug|Any CPU
		{FC7131F6-E17E-47AB-8554-26A464A6D153}.Debug|Any CPU.Build.0 = Debug|Any CPU
		{FC7131F6-E17E-47AB-8554-26A464A6D153}.Release|Any CPU.ActiveCfg = Release|Any CPU
		{FC7131F6-E17E-47AB-8554-26A464A6D153}.Release|Any CPU.Build.0 = Release|Any CPU
		{91D7726B-9A4C-41C8-832C-6BAB74C7C85B}.Debug|Any CPU.ActiveCfg = Debug|Any CPU
		{91D7726B-9A4C-41C8-832C-6BAB74C7C85B}.Debug|Any CPU.Build.0 = Debug|Any CPU
		{91D7726B-9A4C-41C8-832C-6BAB74C7C85B}.Release|Any CPU.ActiveCfg = Release|Any CPU
		{91D7726B-9A4C-41C8-832C-6BAB74C7C85B}.Release|Any CPU.Build.0 = Release|Any CPU
		{3D9AED5D-3319-4C88-9B8F-9FD9691CA997}.Debug|Any CPU.ActiveCfg = Debug|Any CPU
		{3D9AED5D-3319-4C88-9B8F-9FD9691CA997}.Debug|Any CPU.Build.0 = Debug|Any CPU
		{3D9AED5D-3319-4C88-9B8F-9FD9691CA997}.Release|Any CPU.ActiveCfg = Release|Any CPU
		{3D9AED5D-3319-4C88-9B8F-9FD9691CA997}.Release|Any CPU.Build.0 = Release|Any CPU
		{E17B157E-69F2-4D81-96AD-86110266AC5F}.Debug|Any CPU.ActiveCfg = Debug|Any CPU
		{E17B157E-69F2-4D81-96AD-86110266AC5F}.Debug|Any CPU.Build.0 = Debug|Any CPU
		{E17B157E-69F2-4D81-96AD-86110266AC5F}.Release|Any CPU.ActiveCfg = Release|Any CPU
		{E17B157E-69F2-4D81-96AD-86110266AC5F}.Release|Any CPU.Build.0 = Release|Any CPU
	EndGlobalSection
	GlobalSection(SolutionProperties) = preSolution
		HideSolutionNode = FALSE
	EndGlobalSection
	GlobalSection(ExtensibilityGlobals) = postSolution
		SolutionGuid = {0520BF0C-4C6F-46C6-BA00-6745072861B4}
	EndGlobalSection
EndGlobal
